{
  "name": "StudentAdminPortal.UI",
  "lockfileVersion": 2,
  "requires": true,
  "packages": {
    "": {
      "dependencies": {
        "flexboxgrid": "^6.3.1"
      }
    },
    "node_modules/flexboxgrid": {
      "version": "6.3.1",
      "resolved": "https://registry.npmjs.org/flexboxgrid/-/flexboxgrid-6.3.1.tgz",
      "integrity": "sha512-OS//6OHK9i3Hy5mLwD49uRYvnZ9fdfSkq7omO5uJPA2CD7JeBuDY7xleqN1h3MGJZNvKUskyNTv0ot0JKvOAsg=="
    }
  },
  "dependencies": {
    "flexboxgrid": {
      "version": "6.3.1",
      "resolved": "https://registry.npmjs.org/flexboxgrid/-/flexboxgrid-6.3.1.tgz",
      "integrity": "sha512-OS//6OHK9i3Hy5mLwD49uRYvnZ9fdfSkq7omO5uJPA2CD7JeBuDY7xleqN1h3MGJZNvKUskyNTv0ot0JKvOAsg=="
    }
  }
}
